// !$*UTF8*$!
{
	archiveVersion = 1;
	classes = {
	};
	objectVersion = 48;
	objects = {

/* Begin PBXBuildFile section */
		A29567C7206A1A0100E26595 /* AppDelegate.m in Sources */ = {isa = PBXBuildFile; fileRef = A29567C6206A1A0100E26595 /* AppDelegate.m */; };
		A29567CA206A1A0100E26595 /* ViewController.m in Sources */ = {isa = PBXBuildFile; fileRef = A29567C9206A1A0100E26595 /* ViewController.m */; };
		A29567CD206A1A0100E26595 /* Main.storyboard in Resources */ = {isa = PBXBuildFile; fileRef = A29567CB206A1A0100E26595 /* Main.storyboard */; };
		A29567CF206A1A0100E26595 /* Assets.xcassets in Resources */ = {isa = PBXBuildFile; fileRef = A29567CE206A1A0100E26595 /* Assets.xcassets */; };
		A29567D2206A1A0100E26595 /* LaunchScreen.storyboard in Resources */ = {isa = PBXBuildFile; fileRef = A29567D0206A1A0100E26595 /* LaunchScreen.storyboard */; };
		A29567D5206A1A0100E26595 /* main.m in Sources */ = {isa = PBXBuildFile; fileRef = A29567D4206A1A0100E26595 /* main.m */; };
/* End PBXBuildFile section */

/* Begin PBXFileReference section */
		A29567C2206A1A0100E26595 /* WBBarrageRender.app */ = {isa = PBXFileReference; explicitFileType = wrapper.application; includeInIndex = 0; path = WBBarrageRender.app; sourceTree = BUILT_PRODUCTS_DIR; };
		A29567C5206A1A0100E26595 /* AppDelegate.h */ = {isa = PBXFileReference; lastKnownFileType = sourcecode.c.h; path = AppDelegate.h; sourceTree = "<group>"; };
		A29567C6206A1A0100E26595 /* AppDelegate.m */ = {isa = PBXFileReference; lastKnownFileType = sourcecode.c.objc; path = AppDelegate.m; sourceTree = "<group>"; };
		A29567C8206A1A0100E26595 /* ViewController.h */ = {isa = PBXFileReference; lastKnownFileType = sourcecode.c.h; path = ViewController.h; sourceTree = "<group>"; };
		A29567C9206A1A0100E26595 /* ViewController.m */ = {isa = PBXFileReference; lastKnownFileType = sourcecode.c.objc; path = ViewController.m; sourceTree = "<group>"; };
		A29567CC206A1A0100E26595 /* Base */ = {isa = PBXFileReference; lastKnownFileType = file.storyboard; name = Base; path = Base.lproj/Main.storyboard; sourceTree = "<group>"; };
		A29567CE206A1A0100E26595 /* Assets.xcassets */ = {isa = PBXFileReference; lastKnownFileType = folder.assetcatalog; path = Assets.xcassets; sourceTree = "<group>"; };
		A29567D1206A1A0100E26595 /* Base */ = {isa = PBXFileReference; lastKnownFileType = file.storyboard; name = Base; path = Base.lproj/LaunchScreen.storyboard; sourceTree = "<group>"; };
		A29567D3206A1A0100E26595 /* Info.plist */ = {isa = PBXFileReference; lastKnownFileType = text.plist.xml; path = Info.plist; sourceTree = "<group>"; };
		A29567D4206A1A0100E26595 /* main.m */ = {isa = PBXFileReference; lastKnownFileType = sourcecode.c.objc; path = main.m; sourceTree = "<group>"; };
/* End PBXFileReference section */

/* Begin PBXFrameworksBuildPhase section */
		A29567BF206A1A0100E26595 /* Frameworks */ = {
			isa = PBXFrameworksBuildPhase;
			buildActionMask = 2147483647;
			files = (
			);
			runOnlyForDeploymentPostprocessing = 0;
		};
/* End PBXFrameworksBuildPhase section */

/* Begin PBXGroup section */
		A29567B9206A1A0100E26595 = {
			isa = PBXGroup;
			children = (
				A29567C4206A1A0100E26595 /* WBBarrageRender */,
				A29567C3206A1A0100E26595 /* Products */,
			);
			sourceTree = "<group>";
		};
		A29567C3206A1A0100E26595 /* Products */ = {
			isa = PBXGroup;
			children = (
				A29567C2206A1A0100E26595 /* WBBarrageRender.app */,
			);
			name = Products;
			sourceTree = "<group>";
		};
		A29567C4206A1A0100E26595 /* WBBarrageRender */ = {
			isa = PBXGroup;
			children = (
				A29567C5206A1A0100E26595 /* AppDelegate.h */,
				A29567C6206A1A0100E26595 /* AppDelegate.m */,
				A29567C8206A1A0100E26595 /* ViewController.h */,
				A29567C9206A1A0100E26595 /* ViewController.m */,
				A29567CB206A1A0100E26595 /* Main.storyboard */,
				A29567CE206A1A0100E26595 /* Assets.xcassets */,
				A29567D0206A1A0100E26595 /* LaunchScreen.storyboard */,
				A29567D3206A1A0100E26595 /* Info.plist */,
				A29567D4206A1A0100E26595 /* main.m */,
			);
			path = WBBarrageRender;
			sourceTree = "<group>";
		};
/* End PBXGroup section */

/* Begin PBXNativeTarget section */
		A29567C1206A1A0100E26595 /* WBBarrageRender */ = {
			isa = PBXNativeTarget;
			buildConfigurationList = A29567D8206A1A0100E26595 /* Build configuration list for PBXNativeTarget "WBBarrageRender" */;
			buildPhases = (
				A29567BE206A1A0100E26595 /* Sources */,
				A29567BF206A1A0100E26595 /* Frameworks */,
				A29567C0206A1A0100E26595 /* Resources */,
			);
			buildRules = (
			);
			dependencies = (
			);
			name = WBBarrageRender;
			productName = WBBarrageRender;
			productReference = A29567C2206A1A0100E26595 /* WBBarrageRender.app */;
			productType = "com.apple.product-type.application";
		};
/* End PBXNativeTarget section */

/* Begin PBXProject section */
		A29567BA206A1A0100E26595 /* Project object */ = {
			isa = PBXProject;
			attributes = {
				LastUpgradeCheck = 0920;
				ORGANIZATIONNAME = wanba;
				TargetAttributes = {
					A29567C1206A1A0100E26595 = {
						CreatedOnToolsVersion = 9.2;
						ProvisioningStyle = Automatic;
					};
				};
			};
			buildConfigurationList = A29567BD206A1A0100E26595 /* Build configuration list for PBXProject "WBBarrageRender" */;
			compatibilityVersion = "Xcode 8.0";
			developmentRegion = en;
			hasScannedForEncodings = 0;
			knownRegions = (
				en,
				Base,
			);
			mainGroup = A29567B9206A1A0100E26595;
			productRefGroup = A29567C3206A1A0100E26595 /* Products */;
			projectDirPath = "";
			projectRoot = "";
			targets = (
				A29567C1206A1A0100E26595 /* WBBarrageRender */,
			);
		};
/* End PBXProject section */

/* Begin PBXResourcesBuildPhase section */
		A29567C0206A1A0100E26595 /* Resources */ = {
			isa = PBXResourcesBuildPhase;
			buildActionMask = 2147483647;
			files = (
				A29567D2206A1A0100E26595 /* LaunchScreen.storyboard in Resources */,
				A29567CF206A1A0100E26595 /* Assets.xcassets in Resources */,
				A29567CD206A1A0100E26595 /* Main.storyboard in Resources */,
			);
			runOnlyForDeploymentPostprocessing = 0;
		};
/* End PBXResourcesBuildPhase section */

/* Begin PBXSourcesBuildPhase section */
		A29567BE206A1A0100E26595 /* Sources */ = {
			isa = PBXSourcesBuildPhase;
			buildActionMask = 2147483647;
			files = (
				A29567CA206A1A0100E26595 /* ViewController.m in Sources */,
				A29567D5206A1A0100E26595 /* main.m in Sources */,
				A29567C7206A1A0100E26595 /* AppDelegate.m in Sources */,
			);
			runOnlyForDeploymentPostprocessing = 0;
		};
/* End PBXSourcesBuildPhase section */

/* Begin PBXVariantGroup section */
		A29567CB206A1A0100E26595 /* Main.storyboard */ = {
			isa = PBXVariantGroup;
			children = (
				A29567CC206A1A0100E26595 /* Base */,
			);
			name = Main.storyboard;
			sourceTree = "<group>";
		};
		A29567D0206A1A0100E26595 /* LaunchScreen.storyboard */ = {
			isa = PBXVariantGroup;
			children = (
				A29567D1206A1A0100E26595 /* Base */,
			);
			name = LaunchScreen.storyboard;
			sourceTree = "<group>";
		};
/* End PBXVariantGroup section */

/* Begin XCBuildConfiguration section */
		A29567D6206A1A0100E26595 /* Debug */ = {
			isa = XCBuildConfiguration;
			buildSettings = {
				ALWAYS_SEARCH_USER_PATHS = NO;
				CLANG_ANALYZER_NONNULL = YES;
				CLANG_ANALYZER_NUMBER_OBJECT_CONVERSION = YES_AGGRESSIVE;
				CLANG_CXX_LANGUAGE_STANDARD = "gnu++14";
				CLANG_CXX_LIBRARY = "libc++";
				CLANG_ENABLE_MODULES = YES;
				CLANG_ENABLE_OBJC_ARC = YES;
				CLANG_WARN_BLOCK_CAPTURE_AUTORELEASING = YES;
				CLANG_WARN_BOOL_CONVERSION = YES;
				CLANG_WARN_COMMA = YES;
				CLANG_WARN_CONSTANT_CONVERSION = YES;
				CLANG_WARN_DIRECT_OBJC_ISA_USAGE = YES_ERROR;
				CLANG_WARN_DOCUMENTATION_COMMENTS = YES;
				CLANG_WARN_EMPTY_BODY = YES;
				CLANG_WARN_ENUM_CONVERSION = YES;
				CLANG_WARN_INFINITE_RECURSION = YES;
				CLANG_WARN_INT_CONVERSION = YES;
				CLANG_WARN_NON_LITERAL_NULL_CONVERSION = YES;
				CLANG_WARN_OBJC_LITERAL_CONVERSION = YES;
				CLANG_WARN_OBJC_ROOT_CLASS = YES_ERROR;
				CLANG_WARN_RANGE_LOOP_ANALYSIS = YES;
				CLANG_WARN_STRICT_PROTOTYPES = YES;
				CLANG_WARN_SUSPICIOUS_MOVE = YES;
				CLANG_WARN_UNGUARDED_AVAILABILITY = YES_AGGRESSIVE;
				CLANG_WARN_UNREACHABLE_CODE = YES;
				CLANG_WARN__DUPLICATE_METHOD_MATCH = YES;
				CODE_SIGN_IDENTITY = "iPhone Developer";
				COPY_PHASE_STRIP = NO;
				DEBUG_INFORMATION_FORMAT = dwarf;
				ENABLE_STRICT_OBJC_MSGSEND = YES;
				ENABLE_TESTABILITY = YES;
				GCC_C_LANGUAGE_STANDARD = gnu11;
				GCC_DYNAMIC_NO_PIC = NO;
				GCC_NO_COMMON_BLOCKS = YES;
				GCC_OPTIMIZATION_LEVEL = 0;
				GCC_PREPROCESSOR_DEFINITIONS = (
					"DEBUG=1",
					"$(inherited)",
				);
				GCC_WARN_64_TO_32_BIT_CONVERSION = YES;
				GCC_WARN_ABOUT_RETURN_TYPE = YES_ERROR;
				GCC_WARN_UNDECLARED_SELECTOR = YES;
				GCC_WARN_UNINITIALIZED_AUTOS = YES_AGGRESSIVE;
				GCC_WARN_UNUSED_FUNCTION = YES;
				GCC_WARN_UNUSED_VARIABLE = YES;
				IPHONEOS_DEPLOYMENT_TARGET = 11.2;
				MTL_ENABLE_DEBUG_INFO = YES;
				ONLY_ACTIVE_ARCH = YES;
				SDKROOT = iphoneos;
			};
			name = Debug;
		};
		A29567D7206A1A0100E26595 /* Release */ = {
			isa = XCBuildConfiguration;
			buildSettings = {
				ALWAYS_SEARCH_USER_PATHS = NO;
				CLANG_ANALYZER_NONNULL = YES;
				CLANG_ANALYZER_NUMBER_OBJECT_CONVERSION = YES_AGGRESSIVE;
				CLANG_CXX_LANGUAGE_STANDARD = "gnu++14";
				CLANG_CXX_LIBRARY = "libc++";
				CLANG_ENABLE_MODULES = YES;
				CLANG_ENABLE_OBJC_ARC = YES;
				CLANG_WARN_BLOCK_CAPTURE_AUTORELEASING = YES;
				CLANG_WARN_BOOL_CONVERSION = YES;
				CLANG_WARN_COMMA = YES;
				CLANG_WARN_CONSTANT_CONVERSION = YES;
				CLANG_WARN_DIRECT_OBJC_ISA_USAGE = YES_ERROR;
				CLANG_WARN_DOCUMENTATION_COMMENTS = YES;
				CLANG_WARN_EMPTY_BODY = YES;
				CLANG_WARN_ENUM_CONVERSION = YES;
				CLANG_WARN_INFINITE_RECURSION = YES;
				CLANG_WARN_INT_CONVERSION = YES;
				CLANG_WARN_NON_LITERAL_NULL_CONVERSION = YES;
				CLANG_WARN_OBJC_LITERAL_CONVERSION = YES;
				CLANG_WARN_OBJC_ROOT_CLASS = YES_ERROR;
				CLANG_WARN_RANGE_LOOP_ANALYSIS = YES;
				CLANG_WARN_STRICT_PROTOTYPES = YES;
				CLANG_WARN_SUSPICIOUS_MOVE = YES;
				CLANG_WARN_UNGUARDED_AVAILABILITY = YES_AGGRESSIVE;
				CLANG_WARN_UNREACHABLE_CODE = YES;
				CLANG_WARN__DUPLICATE_METHOD_MATCH = YES;
				CODE_SIGN_IDENTITY = "iPhone Developer";
				COPY_PHASE_STRIP = NO;
				DEBUG_INFORMATION_FORMAT = "dwarf-with-dsym";
				ENABLE_NS_ASSERTIONS = NO;
				ENABLE_STRICT_OBJC_MSGSEND = YES;
				GCC_C_LANGUAGE_STANDARD = gnu11;
				GCC_NO_COMMON_BLOCKS = YES;
				GCC_WARN_64_TO_32_BIT_CONVERSION = YES;
				GCC_WARN_ABOUT_RETURN_TYPE = YES_ERROR;
				GCC_WARN_UNDECLARED_SELECTOR = YES;
				GCC_WARN_UNINITIALIZED_AUTOS = YES_AGGRESSIVE;
				GCC_WARN_UNUSED_FUNCTION = YES;
				GCC_WARN_UNUSED_VARIABLE = YES;
				IPHONEOS_DEPLOYMENT_TARGET = 11.2;
				MTL_ENABLE_DEBUG_INFO = NO;
				SDKROOT = iphoneos;
				VALIDATE_PRODUCT = YES;
			};
			name = Release;
		};
		A29567D9206A1A0100E26595 /* Debug */ = {
			isa = XCBuildConfiguration;
			buildSettings = {
				ASSETCATALOG_COMPILER_APPICON_NAME = AppIcon;
				CODE_SIGN_STYLE = Automatic;
				DEVELOPMENT_TEAM = P8HT367G9J;
				INFOPLIST_FILE = WBBarrageRender/Info.plist;
				LD_RUNPATH_SEARCH_PATHS = "$(inherited) @executable_path/Frameworks";
				PRODUCT_BUNDLE_IDENTIFIER = dyliu.WBBarrageRender;
				PRODUCT_NAME = "$(TARGET_NAME)";
				TARGETED_DEVICE_FAMILY = "1,2";
			};
			name = Debug;
		};
		A29567DA206A1A0100E26595 /* Release */ = {
			isa = XCBuildConfiguration;
			buildSettings = {
				ASSETCATALOG_COMPILER_APPICON_NAME = AppIcon;
				CODE_SIGN_STYLE = Automatic;
				DEVELOPMENT_TEAM = P8HT367G9J;
				INFOPLIST_FILE = WBBarrageRender/Info.plist;
				LD_RUNPATH_SEARCH_PATHS = "$(inherited) @executable_path/Frameworks";
				PRODUCT_BUNDLE_IDENTIFIER = dyliu.WBBarrageRender;
				PRODUCT_NAME = "$(TARGET_NAME)";
				TARGETED_DEVICE_FAMILY = "1,2";
			};
			name = Release;
		};
/* End XCBuildConfiguration section */

/* Begin XCConfigurationList section */
		A29567BD206A1A0100E26595 /* Build configuration list for PBXProject "WBBarrageRender" */ = {
			isa = XCConfigurationList;
			buildConfigurations = (
				A29567D6206A1A0100E26595 /* Debug */,
				A29567D7206A1A0100E26595 /* Release */,
			);
			defaultConfigurationIsVisible = 0;
			defaultConfigurationName = Release;
		};
		A29567D8206A1A0100E26595 /* Build configuration list for PBXNativeTarget "WBBarrageRender" */ = {
			isa = XCConfigurationList;
			buildConfigurations = (
				A29567D9206A1A0100E26595 /* Debug */,
				A29567DA206A1A0100E26595 /* Release */,
			);
			defaultConfigurationIsVisible = 0;
			defaultConfigurationName = Release;
		};
/* End XCConfigurationList section */
	};
	rootObject = A29567BA206A1A0100E26595 /* Project object */;
}
